<?xml version="1.0" encoding="utf-8"?>
<Project ToolsVersion="4.0" xmlns="http://schemas.microsoft.com/developer/msbuild/2003">
  <ItemGroup>
    <Filter Include="Source Files">
      <UniqueIdentifier>{4FC737F1-C7A5-4376-A066-2A32D752A2FF}</UniqueIdentifier>
      <Extensions>cpp;c;cxx;def;odl;idl;hpj;bat;asm;asmx</Extensions>
    </Filter>
    <Filter Include="Header Files">
      <UniqueIdentifier>{93995380-89BD-4b04-88EB-625FBE52EBFB}</UniqueIdentifier>
      <Extensions>h;hpp;hxx;hm;inl;inc;xsd</Extensions>
    </Filter>
    <Filter Include="Source Files\libretro">
      <UniqueIdentifier>{7143a326-cf64-4af9-8e1b-8b043a4d50fe}</UniqueIdentifier>
    </Filter>
    <Filter Include="Source Files\ai">
      <UniqueIdentifier>{99512b0d-2579-4e9b-a9bf-063482ae8893}</UniqueIdentifier>
    </Filter>
    <Filter Include="Source Files\ai\almond">
      <UniqueIdentifier>{689a25a7-79ae-41ae-aedd-a84f62bda67e}</UniqueIdentifier>
    </Filter>
    <Filter Include="Source Files\ai\boss">
      <UniqueIdentifier>{2839936f-fd0e-4c30-ba86-af377fdd714a}</UniqueIdentifier>
    </Filter>
    <Filter Include="Source Files\ai\egg">
      <UniqueIdentifier>{2c7ad700-c0e1-4f2e-98d0-9f1a1479a2ad}</UniqueIdentifier>
    </Filter>
    <Filter Include="Source Files\ai\final_battle">
      <UniqueIdentifier>{96aba89a-5813-49aa-b1c0-9cd550aa3f39}</UniqueIdentifier>
    </Filter>
    <Filter Include="Source Files\ai\first_cave">
      <UniqueIdentifier>{66439bc2-6a07-44d9-b766-e42d71bd48ad}</UniqueIdentifier>
    </Filter>
    <Filter Include="Source Files\ai\hell">
      <UniqueIdentifier>{db1631a5-c75a-4e25-84b6-eade92a42473}</UniqueIdentifier>
    </Filter>
    <Filter Include="Source Files\ai\last_cave">
      <UniqueIdentifier>{85a225db-b846-4d6b-88c8-54362309f2d3}</UniqueIdentifier>
    </Filter>
    <Filter Include="Source Files\ai\maze">
      <UniqueIdentifier>{61d07b1a-4c39-4ad5-b4d5-9b4bed0bd55d}</UniqueIdentifier>
    </Filter>
    <Filter Include="Source Files\ai\npc">
      <UniqueIdentifier>{779539ae-332e-4e8f-be46-37d4b486e229}</UniqueIdentifier>
    </Filter>
    <Filter Include="Source Files\ai\oside">
      <UniqueIdentifier>{ab2773db-e6ea-4b8f-a6b9-8b793cef1356}</UniqueIdentifier>
    </Filter>
    <Filter Include="Source Files\ai\plantation">
      <UniqueIdentifier>{7de9e045-7ab1-4944-8280-3da4710e3e50}</UniqueIdentifier>
    </Filter>
    <Filter Include="Source Files\ai\sand">
      <UniqueIdentifier>{7afe3381-404a-4cd2-b3cb-eb8fb36ea98b}</UniqueIdentifier>
    </Filter>
    <Filter Include="Source Files\ai\sym">
      <UniqueIdentifier>{bf7f675c-ee43-4b90-9237-568489e1db34}</UniqueIdentifier>
    </Filter>
    <Filter Include="Source Files\ai\village">
      <UniqueIdentifier>{c1bc85e9-3a4c-441d-b9aa-ce062c07198d}</UniqueIdentifier>
    </Filter>
    <Filter Include="Source Files\ai\weapons">
      <UniqueIdentifier>{5ded9dd2-38bb-4fe9-b578-73b0e64a8941}</UniqueIdentifier>
    </Filter>
    <Filter Include="Source Files\ai\weed">
      <UniqueIdentifier>{eab0f9dc-f25b-41e3-a282-73fd0c7c7666}</UniqueIdentifier>
    </Filter>
    <Filter Include="Source Files\common">
      <UniqueIdentifier>{718af977-6fe1-417d-ac03-1ba4ea7f8d30}</UniqueIdentifier>
    </Filter>
    <Filter Include="Source Files\endgame">
      <UniqueIdentifier>{795f0850-0ced-41d9-adf9-61f0da672733}</UniqueIdentifier>
    </Filter>
    <Filter Include="Source Files\extract-auto">
      <UniqueIdentifier>{a9259e45-2f91-4fc5-a660-60dd875bf21f}</UniqueIdentifier>
    </Filter>
    <Filter Include="Source Files\graphics">
      <UniqueIdentifier>{ecb27d01-4fd0-4025-b9a9-790994c05876}</UniqueIdentifier>
    </Filter>
    <Filter Include="Source Files\intro">
      <UniqueIdentifier>{762dcfe6-737a-4db1-a948-1b44a3cd9f5d}</UniqueIdentifier>
    </Filter>
    <Filter Include="Source Files\pause">
      <UniqueIdentifier>{fdaebe6c-aa50-4049-bc3b-9f3723b7f6b7}</UniqueIdentifier>
    </Filter>
    <Filter Include="Source Files\siflib">
      <UniqueIdentifier>{448ec16c-e16b-4e17-9571-0d4a7cf93980}</UniqueIdentifier>
    </Filter>
    <Filter Include="Source Files\sound">
      <UniqueIdentifier>{4cc0e708-257a-48cd-8214-b50021ab2bf6}</UniqueIdentifier>
    </Filter>
    <Filter Include="Source Files\TextBox">
      <UniqueIdentifier>{67f068b8-051e-42db-bded-5316e155ea59}</UniqueIdentifier>
    </Filter>
    <Filter Include="Source Files\SDL">
      <UniqueIdentifier>{9298fad7-784c-485a-8131-7db0e77a20a8}</UniqueIdentifier>
    </Filter>
    <Filter Include="Source Files\SDL\file">
      <UniqueIdentifier>{9d75270e-ad8c-4ef6-926e-e50ef49d3863}</UniqueIdentifier>
    </Filter>
    <Filter Include="Source Files\SDL\stdlib">
      <UniqueIdentifier>{1684cb97-01da-4785-8161-357ed65f068f}</UniqueIdentifier>
    </Filter>
    <Filter Include="Source Files\SDL\video">
      <UniqueIdentifier>{379f6b90-efe4-4b70-9165-4719e40ddb1a}</UniqueIdentifier>
    </Filter>
    <Filter Include="Source Files\autogen">
      <UniqueIdentifier>{52039788-d2e8-4100-bad8-ade0405afb1e}</UniqueIdentifier>
    </Filter>
    <Filter Include="Source Files\SDL\cpuinfo">
      <UniqueIdentifier>{1b08cc90-e9d6-4234-a512-05dfdf6cd1dd}</UniqueIdentifier>
    </Filter>
  </ItemGroup>
  <ItemGroup>
    <ClCompile Include="..\..\libretro.cpp">
      <Filter>Source Files\libretro</Filter>
    </ClCompile>
    <ClCompile Include="..\..\..\ai\IrregularBBox.cpp">
      <Filter>Source Files\ai</Filter>
    </ClCompile>
    <ClCompile Include="..\..\..\ai\ai.cpp">
      <Filter>Source Files\ai</Filter>
    </ClCompile>
    <ClCompile Include="..\..\..\ai\balrog_common.cpp">
      <Filter>Source Files\ai</Filter>
    </ClCompile>
    <ClCompile Include="..\..\..\ai\almond\almond.cpp">
      <Filter>Source Files\ai\almond</Filter>
    </ClCompile>
    <ClCompile Include="..\..\..\ai\boss\x.cpp">
      <Filter>Source Files\ai\boss</Filter>
    </ClCompile>
    <ClCompile Include="..\..\..\ai\boss\balfrog.cpp">
      <Filter>Source Files\ai\boss</Filter>
    </ClCompile>
    <ClCompile Include="..\..\..\ai\boss\ballos.cpp">
      <Filter>Source Files\ai\boss</Filter>
    </ClCompile>
    <ClCompile Include="..\..\..\ai\boss\core.cpp">
      <Filter>Source Files\ai\boss</Filter>
    </ClCompile>
    <ClCompile Include="..\..\..\ai\boss\heavypress.cpp">
      <Filter>Source Files\ai\boss</Filter>
    </ClCompile>
    <ClCompile Include="..\..\..\ai\boss\ironhead.cpp">
      <Filter>Source Files\ai\boss</Filter>
    </ClCompile>
    <ClCompile Include="..\..\..\ai\boss\omega.cpp">
      <Filter>Source Files\ai\boss</Filter>
    </ClCompile>
    <ClCompile Include="..\..\..\ai\boss\sisters.cpp">
      <Filter>Source Files\ai\boss</Filter>
    </ClCompile>
    <ClCompile Include="..\..\..\ai\boss\undead_core.cpp">
      <Filter>Source Files\ai\boss</Filter>
    </ClCompile>
    <ClCompile Include="..\..\..\ai\egg\igor.cpp">
      <Filter>Source Files\ai\egg</Filter>
    </ClCompile>
    <ClCompile Include="..\..\..\ai\egg\egg2.cpp">
      <Filter>Source Files\ai\egg</Filter>
    </ClCompile>
    <ClCompile Include="..\..\..\ai\egg\egg.cpp">
      <Filter>Source Files\ai\egg</Filter>
    </ClCompile>
    <ClCompile Include="..\..\..\ai\final_battle\sidekicks.cpp">
      <Filter>Source Files\ai\final_battle</Filter>
    </ClCompile>
    <ClCompile Include="..\..\..\ai\final_battle\balcony.cpp">
      <Filter>Source Files\ai\final_battle</Filter>
    </ClCompile>
    <ClCompile Include="..\..\..\ai\final_battle\doctor.cpp">
      <Filter>Source Files\ai\final_battle</Filter>
    </ClCompile>
    <ClCompile Include="..\..\..\ai\final_battle\doctor_common.cpp">
      <Filter>Source Files\ai\final_battle</Filter>
    </ClCompile>
    <ClCompile Include="..\..\..\ai\final_battle\doctor_frenzied.cpp">
      <Filter>Source Files\ai\final_battle</Filter>
    </ClCompile>
    <ClCompile Include="..\..\..\ai\final_battle\final_misc.cpp">
      <Filter>Source Files\ai\final_battle</Filter>
    </ClCompile>
    <ClCompile Include="..\..\..\ai\first_cave\first_cave.cpp">
      <Filter>Source Files\ai\first_cave</Filter>
    </ClCompile>
    <ClCompile Include="..\..\..\ai\hell\hell.cpp">
      <Filter>Source Files\ai\hell</Filter>
    </ClCompile>
    <ClCompile Include="..\..\..\ai\hell\ballos_misc.cpp">
      <Filter>Source Files\ai\hell</Filter>
    </ClCompile>
    <ClCompile Include="..\..\..\ai\hell\ballos_priest.cpp">
      <Filter>Source Files\ai\hell</Filter>
    </ClCompile>
    <ClCompile Include="..\..\..\ai\last_cave\last_cave.cpp">
      <Filter>Source Files\ai\last_cave</Filter>
    </ClCompile>
    <ClCompile Include="..\..\..\ai\maze\pooh_black.cpp">
      <Filter>Source Files\ai\maze</Filter>
    </ClCompile>
    <ClCompile Include="..\..\..\ai\maze\balrog_boss_missiles.cpp">
      <Filter>Source Files\ai\maze</Filter>
    </ClCompile>
    <ClCompile Include="..\..\..\ai\maze\critter_purple.cpp">
      <Filter>Source Files\ai\maze</Filter>
    </ClCompile>
    <ClCompile Include="..\..\..\ai\maze\gaudi.cpp">
      <Filter>Source Files\ai\maze</Filter>
    </ClCompile>
    <ClCompile Include="..\..\..\ai\maze\labyrinth_m.cpp">
      <Filter>Source Files\ai\maze</Filter>
    </ClCompile>
    <ClCompile Include="..\..\..\ai\maze\maze.cpp">
      <Filter>Source Files\ai\maze</Filter>
    </ClCompile>
    <ClCompile Include="..\..\..\ai\npc\npcregu.cpp">
      <Filter>Source Files\ai\npc</Filter>
    </ClCompile>
    <ClCompile Include="..\..\..\ai\npc\balrog.cpp">
      <Filter>Source Files\ai\npc</Filter>
    </ClCompile>
    <ClCompile Include="..\..\..\ai\npc\curly.cpp">
      <Filter>Source Files\ai\npc</Filter>
    </ClCompile>
    <ClCompile Include="..\..\..\ai\npc\curly_ai.cpp">
      <Filter>Source Files\ai\npc</Filter>
    </ClCompile>
    <ClCompile Include="..\..\..\ai\npc\misery.cpp">
      <Filter>Source Files\ai\npc</Filter>
    </ClCompile>
    <ClCompile Include="..\..\..\ai\npc\npcguest.cpp">
      <Filter>Source Files\ai\npc</Filter>
    </ClCompile>
    <ClCompile Include="..\..\..\ai\npc\npcplayer.cpp">
      <Filter>Source Files\ai\npc</Filter>
    </ClCompile>
    <ClCompile Include="..\..\..\ai\oside\oside.cpp">
      <Filter>Source Files\ai\oside</Filter>
    </ClCompile>
    <ClCompile Include="..\..\..\ai\plantation\plantation.cpp">
      <Filter>Source Files\ai\plantation</Filter>
    </ClCompile>
    <ClCompile Include="..\..\..\ai\sand\toroko_frenzied.cpp">
      <Filter>Source Files\ai\sand</Filter>
    </ClCompile>
    <ClCompile Include="..\..\..\ai\sand\curly_boss.cpp">
      <Filter>Source Files\ai\sand</Filter>
    </ClCompile>
    <ClCompile Include="..\..\..\ai\sand\puppy.cpp">
      <Filter>Source Files\ai\sand</Filter>
    </ClCompile>
    <ClCompile Include="..\..\..\ai\sand\sand.cpp">
      <Filter>Source Files\ai\sand</Filter>
    </ClCompile>
    <ClCompile Include="..\..\..\ai\sym\sym.cpp">
      <Filter>Source Files\ai\sym</Filter>
    </ClCompile>
    <ClCompile Include="..\..\..\ai\sym\smoke.cpp">
      <Filter>Source Files\ai\sym</Filter>
    </ClCompile>
    <ClCompile Include="..\..\..\ai\village\village.cpp">
      <Filter>Source Files\ai\village</Filter>
    </ClCompile>
    <ClCompile Include="..\..\..\ai\village\balrog_boss_running.cpp">
      <Filter>Source Files\ai\village</Filter>
    </ClCompile>
    <ClCompile Include="..\..\..\ai\village\ma_pignon.cpp">
      <Filter>Source Files\ai\village</Filter>
    </ClCompile>
    <ClCompile Include="..\..\..\ai\weapons\whimstar.cpp">
      <Filter>Source Files\ai\weapons</Filter>
    </ClCompile>
    <ClCompile Include="..\..\..\ai\weapons\blade.cpp">
      <Filter>Source Files\ai\weapons</Filter>
    </ClCompile>
    <ClCompile Include="..\..\..\ai\weapons\bubbler.cpp">
      <Filter>Source Files\ai\weapons</Filter>
    </ClCompile>
    <ClCompile Include="..\..\..\ai\weapons\fireball.cpp">
      <Filter>Source Files\ai\weapons</Filter>
    </ClCompile>
    <ClCompile Include="..\..\..\ai\weapons\missile.cpp">
      <Filter>Source Files\ai\weapons</Filter>
    </ClCompile>
    <ClCompile Include="..\..\..\ai\weapons\nemesis.cpp">
      <Filter>Source Files\ai\weapons</Filter>
    </ClCompile>
    <ClCompile Include="..\..\..\ai\weapons\polar_mgun.cpp">
      <Filter>Source Files\ai\weapons</Filter>
    </ClCompile>
    <ClCompile Include="..\..\..\ai\weapons\snake.cpp">
      <Filter>Source Files\ai\weapons</Filter>
    </ClCompile>
    <ClCompile Include="..\..\..\ai\weapons\spur.cpp">
      <Filter>Source Files\ai\weapons</Filter>
    </ClCompile>
    <ClCompile Include="..\..\..\ai\weapons\weapons.cpp">
      <Filter>Source Files\ai\weapons</Filter>
    </ClCompile>
    <ClCompile Include="..\..\..\ai\weed\weed.cpp">
      <Filter>Source Files\ai\weed</Filter>
    </ClCompile>
    <ClCompile Include="..\..\..\ai\weed\balrog_boss_flying.cpp">
      <Filter>Source Files\ai\weed</Filter>
    </ClCompile>
    <ClCompile Include="..\..\..\ai\weed\frenzied_mimiga.cpp">
      <Filter>Source Files\ai\weed</Filter>
    </ClCompile>
    <ClCompile Include="..\..\..\common\StringList.cpp">
      <Filter>Source Files\common</Filter>
    </ClCompile>
    <ClCompile Include="..\..\..\common\BList.cpp">
      <Filter>Source Files\common</Filter>
    </ClCompile>
    <ClCompile Include="..\..\..\common\bufio.cpp">
      <Filter>Source Files\common</Filter>
    </ClCompile>
    <ClCompile Include="..\..\..\common\DBuffer.cpp">
      <Filter>Source Files\common</Filter>
    </ClCompile>
    <ClCompile Include="..\..\..\common\DString.cpp">
      <Filter>Source Files\common</Filter>
    </ClCompile>
    <ClCompile Include="..\..\..\common\FileBuffer.cpp">
      <Filter>Source Files\common</Filter>
    </ClCompile>
    <ClCompile Include="..\..\..\common\InitList.cpp">
      <Filter>Source Files\common</Filter>
    </ClCompile>
    <ClCompile Include="..\..\..\common\misc.cpp">
      <Filter>Source Files\common</Filter>
    </ClCompile>
    <ClCompile Include="..\..\..\endgame\misc.cpp">
      <Filter>Source Files\endgame</Filter>
    </ClCompile>
    <ClCompile Include="..\..\..\endgame\credits.cpp">
      <Filter>Source Files\endgame</Filter>
    </ClCompile>
    <ClCompile Include="..\..\..\endgame\CredReader.cpp">
      <Filter>Source Files\endgame</Filter>
    </ClCompile>
    <ClCompile Include="..\..\..\endgame\island.cpp">
      <Filter>Source Files\endgame</Filter>
    </ClCompile>
    <ClCompile Include="..\..\..\extract-auto\extractstages.cpp">
      <Filter>Source Files\extract-auto</Filter>
    </ClCompile>
    <ClCompile Include="..\..\..\extract-auto\cachefiles.cpp">
      <Filter>Source Files\extract-auto</Filter>
    </ClCompile>
    <ClCompile Include="..\..\..\extract-auto\extractorg.cpp">
      <Filter>Source Files\extract-auto</Filter>
    </ClCompile>
    <ClCompile Include="..\..\..\extract-auto\extractpxt.cpp">
      <Filter>Source Files\extract-auto</Filter>
    </ClCompile>
    <ClCompile Include="..\..\..\graphics\tileset.cpp">
      <Filter>Source Files\graphics</Filter>
    </ClCompile>
    <ClCompile Include="..\..\..\graphics\font.cpp">
      <Filter>Source Files\graphics</Filter>
    </ClCompile>
    <ClCompile Include="..\..\..\graphics\graphics.cpp">
      <Filter>Source Files\graphics</Filter>
    </ClCompile>
    <ClCompile Include="..\..\..\graphics\nxsurface.cpp">
      <Filter>Source Files\graphics</Filter>
    </ClCompile>
    <ClCompile Include="..\..\..\graphics\sprites.cpp">
      <Filter>Source Files\graphics</Filter>
    </ClCompile>
    <ClCompile Include="..\..\..\intro\title.cpp">
      <Filter>Source Files\intro</Filter>
    </ClCompile>
    <ClCompile Include="..\..\..\intro\intro.cpp">
      <Filter>Source Files\intro</Filter>
    </ClCompile>
    <ClCompile Include="..\..\..\pause\pause.cpp">
      <Filter>Source Files\pause</Filter>
    </ClCompile>
    <ClCompile Include="..\..\..\pause\dialog.cpp">
      <Filter>Source Files\pause</Filter>
    </ClCompile>
    <ClCompile Include="..\..\..\pause\message.cpp">
      <Filter>Source Files\pause</Filter>
    </ClCompile>
    <ClCompile Include="..\..\..\pause\objects.cpp">
      <Filter>Source Files\pause</Filter>
    </ClCompile>
    <ClCompile Include="..\..\..\pause\options.cpp">
      <Filter>Source Files\pause</Filter>
    </ClCompile>
    <ClCompile Include="..\..\..\siflib\sifloader.cpp">
      <Filter>Source Files\siflib</Filter>
    </ClCompile>
    <ClCompile Include="..\..\..\siflib\sectSprites.cpp">
      <Filter>Source Files\siflib</Filter>
    </ClCompile>
    <ClCompile Include="..\..\..\siflib\sectStringArray.cpp">
      <Filter>Source Files\siflib</Filter>
    </ClCompile>
    <ClCompile Include="..\..\..\siflib\sif.cpp">
      <Filter>Source Files\siflib</Filter>
    </ClCompile>
    <ClCompile Include="..\..\..\sound\sslib.cpp">
      <Filter>Source Files\sound</Filter>
    </ClCompile>
    <ClCompile Include="..\..\..\sound\org.cpp">
      <Filter>Source Files\sound</Filter>
    </ClCompile>
    <ClCompile Include="..\..\..\sound\pxt.cpp">
      <Filter>Source Files\sound</Filter>
    </ClCompile>
    <ClCompile Include="..\..\..\sound\sound.cpp">
      <Filter>Source Files\sound</Filter>
    </ClCompile>
    <ClCompile Include="..\..\..\TextBox\YesNoPrompt.cpp">
      <Filter>Source Files\TextBox</Filter>
    </ClCompile>
    <ClCompile Include="..\..\..\TextBox\ItemImage.cpp">
      <Filter>Source Files\TextBox</Filter>
    </ClCompile>
    <ClCompile Include="..\..\..\TextBox\SaveSelect.cpp">
      <Filter>Source Files\TextBox</Filter>
    </ClCompile>
    <ClCompile Include="..\..\..\TextBox\StageSelect.cpp">
      <Filter>Source Files\TextBox</Filter>
    </ClCompile>
    <ClCompile Include="..\..\..\TextBox\TextBox.cpp">
      <Filter>Source Files\TextBox</Filter>
    </ClCompile>
    <ClCompile Include="..\..\..\caret.cpp">
      <Filter>Source Files</Filter>
    </ClCompile>
    <ClCompile Include="..\..\..\floattext.cpp">
      <Filter>Source Files</Filter>
    </ClCompile>
    <ClCompile Include="..\..\..\game.cpp">
      <Filter>Source Files</Filter>
    </ClCompile>
    <ClCompile Include="..\..\..\input.cpp">
      <Filter>Source Files</Filter>
    </ClCompile>
    <ClCompile Include="..\..\..\inventory.cpp">
      <Filter>Source Files</Filter>
    </ClCompile>
    <ClCompile Include="..\..\..\main.cpp">
      <Filter>Source Files</Filter>
    </ClCompile>
    <ClCompile Include="..\..\..\map.cpp">
      <Filter>Source Files</Filter>
    </ClCompile>
    <ClCompile Include="..\..\..\map_system.cpp">
      <Filter>Source Files</Filter>
    </ClCompile>
    <ClCompile Include="..\..\..\niku.cpp">
      <Filter>Source Files</Filter>
    </ClCompile>
    <ClCompile Include="..\..\..\object.cpp">
      <Filter>Source Files</Filter>
    </ClCompile>
    <ClCompile Include="..\..\..\ObjManager.cpp">
      <Filter>Source Files</Filter>
    </ClCompile>
    <ClCompile Include="..\..\..\p_arms.cpp">
      <Filter>Source Files</Filter>
    </ClCompile>
    <ClCompile Include="..\..\..\player.cpp">
      <Filter>Source Files</Filter>
    </ClCompile>
    <ClCompile Include="..\..\..\playerstats.cpp">
      <Filter>Source Files</Filter>
    </ClCompile>
    <ClCompile Include="..\..\..\profile.cpp">
      <Filter>Source Files</Filter>
    </ClCompile>
    <ClCompile Include="..\..\..\screeneffect.cpp">
      <Filter>Source Files</Filter>
    </ClCompile>
    <ClCompile Include="..\..\..\settings.cpp">
      <Filter>Source Files</Filter>
    </ClCompile>
    <ClCompile Include="..\..\..\slope.cpp">
      <Filter>Source Files</Filter>
    </ClCompile>
    <ClCompile Include="..\..\..\stageboss.cpp">
      <Filter>Source Files</Filter>
    </ClCompile>
    <ClCompile Include="..\..\..\stagedata.cpp">
      <Filter>Source Files</Filter>
    </ClCompile>
    <ClCompile Include="..\..\..\statusbar.cpp">
      <Filter>Source Files</Filter>
    </ClCompile>
    <ClCompile Include="..\..\..\trig.cpp">
      <Filter>Source Files</Filter>
    </ClCompile>
    <ClCompile Include="..\..\..\tsc.cpp">
      <Filter>Source Files</Filter>
    </ClCompile>
    <ClCompile Include="..\..\..\sdl\SDL_error.c">
      <Filter>Source Files\SDL</Filter>
    </ClCompile>
    <ClCompile Include="..\..\..\sdl\file\SDL_rwops.c">
      <Filter>Source Files\SDL\file</Filter>
    </ClCompile>
    <ClCompile Include="..\..\..\sdl\stdlib\SDL_string.c">
      <Filter>Source Files\SDL\stdlib</Filter>
    </ClCompile>
    <ClCompile Include="..\..\..\sdl\video\SDL_video.c">
      <Filter>Source Files\SDL\video</Filter>
    </ClCompile>
    <ClCompile Include="..\..\..\sdl\video\SDL_blit.c">
      <Filter>Source Files\SDL\video</Filter>
    </ClCompile>
    <ClCompile Include="..\..\..\sdl\video\SDL_blit_0.c">
      <Filter>Source Files\SDL\video</Filter>
    </ClCompile>
    <ClCompile Include="..\..\..\sdl\video\SDL_blit_1.c">
      <Filter>Source Files\SDL\video</Filter>
    </ClCompile>
    <ClCompile Include="..\..\..\sdl\video\SDL_blit_A.c">
      <Filter>Source Files\SDL\video</Filter>
    </ClCompile>
    <ClCompile Include="..\..\..\sdl\video\SDL_blit_N.c">
      <Filter>Source Files\SDL\video</Filter>
    </ClCompile>
    <ClCompile Include="..\..\..\sdl\video\SDL_bmp.c">
      <Filter>Source Files\SDL\video</Filter>
    </ClCompile>
    <ClCompile Include="..\..\..\sdl\video\SDL_pixels.c">
      <Filter>Source Files\SDL\video</Filter>
    </ClCompile>
    <ClCompile Include="..\..\..\sdl\video\SDL_surface.c">
      <Filter>Source Files\SDL\video</Filter>
    </ClCompile>
    <ClCompile Include="..\..\..\autogen\objnames.cpp">
      <Filter>Source Files\autogen</Filter>
    </ClCompile>
    <ClCompile Include="..\..\..\autogen\AssignSprites.cpp">
      <Filter>Source Files\autogen</Filter>
    </ClCompile>
    <ClCompile Include="..\..\..\sdl\cpuinfo\SDL_cpuinfo.c">
      <Filter>Source Files\SDL\cpuinfo</Filter>
    </ClCompile>
    <ClCompile Include="..\..\..\ai\final_battle\misery_finalbattle.cpp">
      <Filter>Source Files\ai\final_battle</Filter>
    </ClCompile>
  </ItemGroup>
</Project>